// !$*UTF8*$!
{
	archiveVersion = 1;
	classes = {
	};
	objectVersion = 46;
	objects = {

/* Begin PBXBuildFile section */
		555AB7761AC459FD005F7A46 /* main.m in Sources */ = {isa = PBXBuildFile; fileRef = 555AB7751AC459FD005F7A46 /* main.m */; };
		555AB7791AC459FD005F7A46 /* AppDelegate.m in Sources */ = {isa = PBXBuildFile; fileRef = 555AB7781AC459FD005F7A46 /* AppDelegate.m */; };
		555AB77C1AC459FD005F7A46 /* ViewController.m in Sources */ = {isa = PBXBuildFile; fileRef = 555AB77B1AC459FD005F7A46 /* ViewController.m */; };
		555AB77F1AC459FD005F7A46 /* Main.storyboard in Resources */ = {isa = PBXBuildFile; fileRef = 555AB77D1AC459FD005F7A46 /* Main.storyboard */; };
		555AB7811AC459FD005F7A46 /* Images.xcassets in Resources */ = {isa = PBXBuildFile; fileRef = 555AB7801AC459FD005F7A46 /* Images.xcassets */; };
		555AB7841AC459FD005F7A46 /* LaunchScreen.xib in Resources */ = {isa = PBXBuildFile; fileRef = 555AB7821AC459FD005F7A46 /* LaunchScreen.xib */; };
		555AB7901AC459FD005F7A46 /* CatEyeSportSensorsProxyTests.m in Sources */ = {isa = PBXBuildFile; fileRef = 555AB78F1AC459FD005F7A46 /* CatEyeSportSensorsProxyTests.m */; };
		555AB79C1AC46149005F7A46 /* CSSCentralManager.m in Sources */ = {isa = PBXBuildFile; fileRef = 555AB79B1AC46149005F7A46 /* CSSCentralManager.m */; };
		55C0F7C61AC4872200FC9F7A /* CSSBaseService.m in Sources */ = {isa = PBXBuildFile; fileRef = 55C0F7C51AC4872200FC9F7A /* CSSBaseService.m */; };
		55C0F7C91AC48ADA00FC9F7A /* CSSCSCService.m in Sources */ = {isa = PBXBuildFile; fileRef = 55C0F7C81AC48ADA00FC9F7A /* CSSCSCService.m */; };
		55C0F7CC1AC48B1C00FC9F7A /* CSSHRMService.m in Sources */ = {isa = PBXBuildFile; fileRef = 55C0F7CB1AC48B1C00FC9F7A /* CSSHRMService.m */; };
		55C0F7CF1AC48FA800FC9F7A /* CSSCSCSensor.m in Sources */ = {isa = PBXBuildFile; fileRef = 55C0F7CE1AC48FA800FC9F7A /* CSSCSCSensor.m */; };
		55C0F7D21AC491AE00FC9F7A /* CSSHRMSensor.m in Sources */ = {isa = PBXBuildFile; fileRef = 55C0F7D11AC491AE00FC9F7A /* CSSHRMSensor.m */; };
		C676D4D7D1F73C54165C5FA3 /* libPods.a in Frameworks */ = {isa = PBXBuildFile; fileRef = 1DC336E16ABEC4E79B316C31 /* libPods.a */; };
/* End PBXBuildFile section */

/* Begin PBXContainerItemProxy section */
		555AB78A1AC459FD005F7A46 /* PBXContainerItemProxy */ = {
			isa = PBXContainerItemProxy;
			containerPortal = 555AB7681AC459FD005F7A46 /* Project object */;
			proxyType = 1;
			remoteGlobalIDString = 555AB76F1AC459FD005F7A46;
			remoteInfo = CatEyeSportSensorsProxy;
		};
/* End PBXContainerItemProxy section */

/* Begin PBXFileReference section */
		1DC336E16ABEC4E79B316C31 /* libPods.a */ = {isa = PBXFileReference; explicitFileType = archive.ar; includeInIndex = 0; path = libPods.a; sourceTree = BUILT_PRODUCTS_DIR; };
		555AB7701AC459FD005F7A46 /* CatEyeSportSensorsProxy.app */ = {isa = PBXFileReference; explicitFileType = wrapper.application; includeInIndex = 0; path = CatEyeSportSensorsProxy.app; sourceTree = BUILT_PRODUCTS_DIR; };
		555AB7741AC459FD005F7A46 /* Info.plist */ = {isa = PBXFileReference; lastKnownFileType = text.plist.xml; path = Info.plist; sourceTree = "<group>"; };
		555AB7751AC459FD005F7A46 /* main.m */ = {isa = PBXFileReference; lastKnownFileType = sourcecode.c.objc; path = main.m; sourceTree = "<group>"; };
		555AB7771AC459FD005F7A46 /* AppDelegate.h */ = {isa = PBXFileReference; lastKnownFileType = sourcecode.c.h; path = AppDelegate.h; sourceTree = "<group>"; };
		555AB7781AC459FD005F7A46 /* AppDelegate.m */ = {isa = PBXFileReference; lastKnownFileType = sourcecode.c.objc; path = AppDelegate.m; sourceTree = "<group>"; };
		555AB77A1AC459FD005F7A46 /* ViewController.h */ = {isa = PBXFileReference; lastKnownFileType = sourcecode.c.h; path = ViewController.h; sourceTree = "<group>"; };
		555AB77B1AC459FD005F7A46 /* ViewController.m */ = {isa = PBXFileReference; lastKnownFileType = sourcecode.c.objc; path = ViewController.m; sourceTree = "<group>"; };
		555AB77E1AC459FD005F7A46 /* Base */ = {isa = PBXFileReference; lastKnownFileType = file.storyboard; name = Base; path = Base.lproj/Main.storyboard; sourceTree = "<group>"; };
		555AB7801AC459FD005F7A46 /* Images.xcassets */ = {isa = PBXFileReference; lastKnownFileType = folder.assetcatalog; path = Images.xcassets; sourceTree = "<group>"; };
		555AB7831AC459FD005F7A46 /* Base */ = {isa = PBXFileReference; lastKnownFileType = file.xib; name = Base; path = Base.lproj/LaunchScreen.xib; sourceTree = "<group>"; };
		555AB7891AC459FD005F7A46 /* CatEyeSportSensorsProxyTests.xctest */ = {isa = PBXFileReference; explicitFileType = wrapper.cfbundle; includeInIndex = 0; path = CatEyeSportSensorsProxyTests.xctest; sourceTree = BUILT_PRODUCTS_DIR; };
		555AB78E1AC459FD005F7A46 /* Info.plist */ = {isa = PBXFileReference; lastKnownFileType = text.plist.xml; path = Info.plist; sourceTree = "<group>"; };
		555AB78F1AC459FD005F7A46 /* CatEyeSportSensorsProxyTests.m */ = {isa = PBXFileReference; lastKnownFileType = sourcecode.c.objc; path = CatEyeSportSensorsProxyTests.m; sourceTree = "<group>"; };
		555AB79A1AC46149005F7A46 /* CSSCentralManager.h */ = {isa = PBXFileReference; fileEncoding = 4; lastKnownFileType = sourcecode.c.h; name = CSSCentralManager.h; path = Utils/CSSCentralManager.h; sourceTree = "<group>"; };
		555AB79B1AC46149005F7A46 /* CSSCentralManager.m */ = {isa = PBXFileReference; fileEncoding = 4; lastKnownFileType = sourcecode.c.objc; name = CSSCentralManager.m; path = Utils/CSSCentralManager.m; sourceTree = "<group>"; };
		55C0F7C41AC4872200FC9F7A /* CSSBaseService.h */ = {isa = PBXFileReference; fileEncoding = 4; lastKnownFileType = sourcecode.c.h; name = CSSBaseService.h; path = Utils/CSSBaseService.h; sourceTree = "<group>"; };
		55C0F7C51AC4872200FC9F7A /* CSSBaseService.m */ = {isa = PBXFileReference; fileEncoding = 4; lastKnownFileType = sourcecode.c.objc; name = CSSBaseService.m; path = Utils/CSSBaseService.m; sourceTree = "<group>"; };
		55C0F7C71AC48ADA00FC9F7A /* CSSCSCService.h */ = {isa = PBXFileReference; fileEncoding = 4; lastKnownFileType = sourcecode.c.h; name = CSSCSCService.h; path = Utils/CSSCSCService.h; sourceTree = "<group>"; };
		55C0F7C81AC48ADA00FC9F7A /* CSSCSCService.m */ = {isa = PBXFileReference; fileEncoding = 4; lastKnownFileType = sourcecode.c.objc; name = CSSCSCService.m; path = Utils/CSSCSCService.m; sourceTree = "<group>"; };
		55C0F7CA1AC48B1C00FC9F7A /* CSSHRMService.h */ = {isa = PBXFileReference; fileEncoding = 4; lastKnownFileType = sourcecode.c.h; name = CSSHRMService.h; path = Utils/CSSHRMService.h; sourceTree = "<group>"; };
		55C0F7CB1AC48B1C00FC9F7A /* CSSHRMService.m */ = {isa = PBXFileReference; fileEncoding = 4; lastKnownFileType = sourcecode.c.objc; name = CSSHRMService.m; path = Utils/CSSHRMService.m; sourceTree = "<group>"; };
		55C0F7CD1AC48FA800FC9F7A /* CSSCSCSensor.h */ = {isa = PBXFileReference; fileEncoding = 4; lastKnownFileType = sourcecode.c.h; name = CSSCSCSensor.h; path = Utils/CSSCSCSensor.h; sourceTree = "<group>"; };
		55C0F7CE1AC48FA800FC9F7A /* CSSCSCSensor.m */ = {isa = PBXFileReference; fileEncoding = 4; lastKnownFileType = sourcecode.c.objc; name = CSSCSCSensor.m; path = Utils/CSSCSCSensor.m; sourceTree = "<group>"; };
		55C0F7D01AC491AE00FC9F7A /* CSSHRMSensor.h */ = {isa = PBXFileReference; fileEncoding = 4; lastKnownFileType = sourcecode.c.h; name = CSSHRMSensor.h; path = Utils/CSSHRMSensor.h; sourceTree = "<group>"; };
		55C0F7D11AC491AE00FC9F7A /* CSSHRMSensor.m */ = {isa = PBXFileReference; fileEncoding = 4; lastKnownFileType = sourcecode.c.objc; name = CSSHRMSensor.m; path = Utils/CSSHRMSensor.m; sourceTree = "<group>"; };
		7E9848AADFAA27CC5F7EC872 /* Pods.debug.xcconfig */ = {isa = PBXFileReference; includeInIndex = 1; lastKnownFileType = text.xcconfig; name = Pods.debug.xcconfig; path = "Pods/Target Support Files/Pods/Pods.debug.xcconfig"; sourceTree = "<group>"; };
		D57F356EC9200D497B64C66A /* Pods.release.xcconfig */ = {isa = PBXFileReference; includeInIndex = 1; lastKnownFileType = text.xcconfig; name = Pods.release.xcconfig; path = "Pods/Target Support Files/Pods/Pods.release.xcconfig"; sourceTree = "<group>"; };
/* End PBXFileReference section */

/* Begin PBXFrameworksBuildPhase section */
		555AB76D1AC459FD005F7A46 /* Frameworks */ = {
			isa = PBXFrameworksBuildPhase;
			buildActionMask = 2147483647;
			files = (
				C676D4D7D1F73C54165C5FA3 /* libPods.a in Frameworks */,
			);
			runOnlyForDeploymentPostprocessing = 0;
		};
		555AB7861AC459FD005F7A46 /* Frameworks */ = {
			isa = PBXFrameworksBuildPhase;
			buildActionMask = 2147483647;
			files = (
			);
			runOnlyForDeploymentPostprocessing = 0;
		};
/* End PBXFrameworksBuildPhase section */

/* Begin PBXGroup section */
		555AB7671AC459FD005F7A46 = {
			isa = PBXGroup;
			children = (
				555AB7721AC459FD005F7A46 /* CatEyeSportSensorsProxy */,
				555AB78C1AC459FD005F7A46 /* CatEyeSportSensorsProxyTests */,
				555AB7711AC459FD005F7A46 /* Products */,
				7B30A5438A3FD5F93D32C12A /* Pods */,
				C62BC1BF0F1DA7BF42AA0C96 /* Frameworks */,
			);
			sourceTree = "<group>";
		};
		555AB7711AC459FD005F7A46 /* Products */ = {
			isa = PBXGroup;
			children = (
				555AB7701AC459FD005F7A46 /* CatEyeSportSensorsProxy.app */,
				555AB7891AC459FD005F7A46 /* CatEyeSportSensorsProxyTests.xctest */,
			);
			name = Products;
			sourceTree = "<group>";
		};
		555AB7721AC459FD005F7A46 /* CatEyeSportSensorsProxy */ = {
			isa = PBXGroup;
			children = (
				555AB79D1AC4615E005F7A46 /* Utils */,
				555AB7771AC459FD005F7A46 /* AppDelegate.h */,
				555AB7781AC459FD005F7A46 /* AppDelegate.m */,
				555AB77A1AC459FD005F7A46 /* ViewController.h */,
				555AB77B1AC459FD005F7A46 /* ViewController.m */,
				555AB77D1AC459FD005F7A46 /* Main.storyboard */,
				555AB7801AC459FD005F7A46 /* Images.xcassets */,
				555AB7821AC459FD005F7A46 /* LaunchScreen.xib */,
				555AB7731AC459FD005F7A46 /* Supporting Files */,
			);
			path = CatEyeSportSensorsProxy;
			sourceTree = "<group>";
		};
		555AB7731AC459FD005F7A46 /* Supporting Files */ = {
			isa = PBXGroup;
			children = (
				555AB7741AC459FD005F7A46 /* Info.plist */,
				555AB7751AC459FD005F7A46 /* main.m */,
			);
			name = "Supporting Files";
			sourceTree = "<group>";
		};
		555AB78C1AC459FD005F7A46 /* CatEyeSportSensorsProxyTests */ = {
			isa = PBXGroup;
			children = (
				555AB78F1AC459FD005F7A46 /* CatEyeSportSensorsProxyTests.m */,
				555AB78D1AC459FD005F7A46 /* Supporting Files */,
			);
			path = CatEyeSportSensorsProxyTests;
			sourceTree = "<group>";
		};
		555AB78D1AC459FD005F7A46 /* Supporting Files */ = {
			isa = PBXGroup;
			children = (
				555AB78E1AC459FD005F7A46 /* Info.plist */,
			);
			name = "Supporting Files";
			sourceTree = "<group>";
		};
		555AB79D1AC4615E005F7A46 /* Utils */ = {
			isa = PBXGroup;
			children = (
				555AB79A1AC46149005F7A46 /* CSSCentralManager.h */,
				555AB79B1AC46149005F7A46 /* CSSCentralManager.m */,
				55C0F7C41AC4872200FC9F7A /* CSSBaseService.h */,
				55C0F7C51AC4872200FC9F7A /* CSSBaseService.m */,
				55C0F7C71AC48ADA00FC9F7A /* CSSCSCService.h */,
				55C0F7C81AC48ADA00FC9F7A /* CSSCSCService.m */,
				55C0F7CA1AC48B1C00FC9F7A /* CSSHRMService.h */,
				55C0F7CB1AC48B1C00FC9F7A /* CSSHRMService.m */,
				55C0F7CD1AC48FA800FC9F7A /* CSSCSCSensor.h */,
				55C0F7CE1AC48FA800FC9F7A /* CSSCSCSensor.m */,
				55C0F7D01AC491AE00FC9F7A /* CSSHRMSensor.h */,
				55C0F7D11AC491AE00FC9F7A /* CSSHRMSensor.m */,
			);
			name = Utils;
			sourceTree = "<group>";
		};
		7B30A5438A3FD5F93D32C12A /* Pods */ = {
			isa = PBXGroup;
			children = (
				7E9848AADFAA27CC5F7EC872 /* Pods.debug.xcconfig */,
				D57F356EC9200D497B64C66A /* Pods.release.xcconfig */,
			);
			name = Pods;
			sourceTree = "<group>";
		};
		C62BC1BF0F1DA7BF42AA0C96 /* Frameworks */ = {
			isa = PBXGroup;
			children = (
				1DC336E16ABEC4E79B316C31 /* libPods.a */,
			);
			name = Frameworks;
			sourceTree = "<group>";
		};
/* End PBXGroup section */

/* Begin PBXNativeTarget section */
		555AB76F1AC459FD005F7A46 /* CatEyeSportSensorsProxy */ = {
			isa = PBXNativeTarget;
			buildConfigurationList = 555AB7931AC459FD005F7A46 /* Build configuration list for PBXNativeTarget "CatEyeSportSensorsProxy" */;
			buildPhases = (
				3194D5319B5AB1DD395FE107 /* Check Pods Manifest.lock */,
				555AB76C1AC459FD005F7A46 /* Sources */,
				555AB76D1AC459FD005F7A46 /* Frameworks */,
				555AB76E1AC459FD005F7A46 /* Resources */,
				F68AF30DF7EA5C9741D61E20 /* Copy Pods Resources */,
			);
			buildRules = (
			);
			dependencies = (
			);
			name = CatEyeSportSensorsProxy;
			productName = CatEyeSportSensorsProxy;
			productReference = 555AB7701AC459FD005F7A46 /* CatEyeSportSensorsProxy.app */;
			productType = "com.apple.product-type.application";
		};
		555AB7881AC459FD005F7A46 /* CatEyeSportSensorsProxyTests */ = {
			isa = PBXNativeTarget;
			buildConfigurationList = 555AB7961AC459FD005F7A46 /* Build configuration list for PBXNativeTarget "CatEyeSportSensorsProxyTests" */;
			buildPhases = (
				555AB7851AC459FD005F7A46 /* Sources */,
				555AB7861AC459FD005F7A46 /* Frameworks */,
				555AB7871AC459FD005F7A46 /* Resources */,
			);
			buildRules = (
			);
			dependencies = (
				555AB78B1AC459FD005F7A46 /* PBXTargetDependency */,
			);
			name = CatEyeSportSensorsProxyTests;
			productName = CatEyeSportSensorsProxyTests;
			productReference = 555AB7891AC459FD005F7A46 /* CatEyeSportSensorsProxyTests.xctest */;
			productType = "com.apple.product-type.bundle.unit-test";
		};
/* End PBXNativeTarget section */

/* Begin PBXProject section */
		555AB7681AC459FD005F7A46 /* Project object */ = {
			isa = PBXProject;
			attributes = {
				LastUpgradeCheck = 0610;
				ORGANIZATIONNAME = "中村太郎";
				TargetAttributes = {
					555AB76F1AC459FD005F7A46 = {
						CreatedOnToolsVersion = 6.1;
					};
					555AB7881AC459FD005F7A46 = {
						CreatedOnToolsVersion = 6.1;
						TestTargetID = 555AB76F1AC459FD005F7A46;
					};
				};
			};
			buildConfigurationList = 555AB76B1AC459FD005F7A46 /* Build configuration list for PBXProject "CatEyeSportSensorsProxy" */;
			compatibilityVersion = "Xcode 3.2";
			developmentRegion = English;
			hasScannedForEncodings = 0;
			knownRegions = (
				en,
				Base,
			);
			mainGroup = 555AB7671AC459FD005F7A46;
			productRefGroup = 555AB7711AC459FD005F7A46 /* Products */;
			projectDirPath = "";
			projectRoot = "";
			targets = (
				555AB76F1AC459FD005F7A46 /* CatEyeSportSensorsProxy */,
				555AB7881AC459FD005F7A46 /* CatEyeSportSensorsProxyTests */,
			);
		};
/* End PBXProject section */

/* Begin PBXResourcesBuildPhase section */
		555AB76E1AC459FD005F7A46 /* Resources */ = {
			isa = PBXResourcesBuildPhase;
			buildActionMask = 2147483647;
			files = (
				555AB77F1AC459FD005F7A46 /* Main.storyboard in Resources */,
				555AB7841AC459FD005F7A46 /* LaunchScreen.xib in Resources */,
				555AB7811AC459FD005F7A46 /* Images.xcassets in Resources */,
			);
			runOnlyForDeploymentPostprocessing = 0;
		};
		555AB7871AC459FD005F7A46 /* Resources */ = {
			isa = PBXResourcesBuildPhase;
			buildActionMask = 2147483647;
			files = (
			);
			runOnlyForDeploymentPostprocessing = 0;
		};
/* End PBXResourcesBuildPhase section */

/* Begin PBXShellScriptBuildPhase section */
		3194D5319B5AB1DD395FE107 /* Check Pods Manifest.lock */ = {
			isa = PBXShellScriptBuildPhase;
			buildActionMask = 2147483647;
			files = (
			);
			inputPaths = (
			);
			name = "Check Pods Manifest.lock";
			outputPaths = (
			);
			runOnlyForDeploymentPostprocessing = 0;
			shellPath = /bin/sh;
			shellScript = "diff \"${PODS_ROOT}/../Podfile.lock\" \"${PODS_ROOT}/Manifest.lock\" > /dev/null\nif [[ $? != 0 ]] ; then\n    cat << EOM\nerror: The sandbox is not in sync with the Podfile.lock. Run 'pod install' or update your CocoaPods installation.\nEOM\n    exit 1\nfi\n";
			showEnvVarsInLog = 0;
		};
		F68AF30DF7EA5C9741D61E20 /* Copy Pods Resources */ = {
			isa = PBXShellScriptBuildPhase;
			buildActionMask = 2147483647;
			files = (
			);
			inputPaths = (
			);
			name = "Copy Pods Resources";
			outputPaths = (
			);
			runOnlyForDeploymentPostprocessing = 0;
			shellPath = /bin/sh;
			shellScript = "\"${SRCROOT}/Pods/Target Support Files/Pods/Pods-resources.sh\"\n";
			showEnvVarsInLog = 0;
		};
/* End PBXShellScriptBuildPhase section */

/* Begin PBXSourcesBuildPhase section */
		555AB76C1AC459FD005F7A46 /* Sources */ = {
			isa = PBXSourcesBuildPhase;
			buildActionMask = 2147483647;
			files = (
				555AB77C1AC459FD005F7A46 /* ViewController.m in Sources */,
				55C0F7C91AC48ADA00FC9F7A /* CSSCSCService.m in Sources */,
				55C0F7D21AC491AE00FC9F7A /* CSSHRMSensor.m in Sources */,
				55C0F7C61AC4872200FC9F7A /* CSSBaseService.m in Sources */,
				55C0F7CC1AC48B1C00FC9F7A /* CSSHRMService.m in Sources */,
				555AB7791AC459FD005F7A46 /* AppDelegate.m in Sources */,
				55C0F7CF1AC48FA800FC9F7A /* CSSCSCSensor.m in Sources */,
				555AB7761AC459FD005F7A46 /* main.m in Sources */,
				555AB79C1AC46149005F7A46 /* CSSCentralManager.m in Sources */,
			);
			runOnlyForDeploymentPostprocessing = 0;
		};
		555AB7851AC459FD005F7A46 /* Sources */ = {
			isa = PBXSourcesBuildPhase;
			buildActionMask = 2147483647;
			files = (
				555AB7901AC459FD005F7A46 /* CatEyeSportSensorsProxyTests.m in Sources */,
			);
			runOnlyForDeploymentPostprocessing = 0;
		};
/* End PBXSourcesBuildPhase section */

/* Begin PBXTargetDependency section */
		555AB78B1AC459FD005F7A46 /* PBXTargetDependency */ = {
			isa = PBXTargetDependency;
			target = 555AB76F1AC459FD005F7A46 /* CatEyeSportSensorsProxy */;
			targetProxy = 555AB78A1AC459FD005F7A46 /* PBXContainerItemProxy */;
		};
/* End PBXTargetDependency section */

/* Begin PBXVariantGroup section */
		555AB77D1AC459FD005F7A46 /* Main.storyboard */ = {
			isa = PBXVariantGroup;
			children = (
				555AB77E1AC459FD005F7A46 /* Base */,
			);
			name = Main.storyboard;
			sourceTree = "<group>";
		};
		555AB7821AC459FD005F7A46 /* LaunchScreen.xib */ = {
			isa = PBXVariantGroup;
			children = (
				555AB7831AC459FD005F7A46 /* Base */,
			);
			name = LaunchScreen.xib;
			sourceTree = "<group>";
		};
/* End PBXVariantGroup section */

/* Begin XCBuildConfiguration section */
		555AB7911AC459FD005F7A46 /* Debug */ = {
			isa = XCBuildConfiguration;
			buildSettings = {
				ALWAYS_SEARCH_USER_PATHS = NO;
				CLANG_CXX_LANGUAGE_STANDARD = "gnu++0x";
				CLANG_CXX_LIBRARY = "libc++";
				CLANG_ENABLE_MODULES = YES;
				CLANG_ENABLE_OBJC_ARC = YES;
				CLANG_WARN_BOOL_CONVERSION = YES;
				CLANG_WARN_CONSTANT_CONVERSION = YES;
				CLANG_WARN_DIRECT_OBJC_ISA_USAGE = YES_ERROR;
				CLANG_WARN_EMPTY_BODY = YES;
				CLANG_WARN_ENUM_CONVERSION = YES;
				CLANG_WARN_INT_CONVERSION = YES;
				CLANG_WARN_OBJC_ROOT_CLASS = YES_ERROR;
				CLANG_WARN_UNREACHABLE_CODE = YES;
				CLANG_WARN__DUPLICATE_METHOD_MATCH = YES;
				"CODE_SIGN_IDENTITY[sdk=iphoneos*]" = "iPhone Developer";
				COPY_PHASE_STRIP = NO;
				ENABLE_STRICT_OBJC_MSGSEND = YES;
				GCC_C_LANGUAGE_STANDARD = gnu99;
				GCC_DYNAMIC_NO_PIC = NO;
				GCC_OPTIMIZATION_LEVEL = 0;
				GCC_PREPROCESSOR_DEFINITIONS = (
					"DEBUG=1",
					"$(inherited)",
				);
				GCC_SYMBOLS_PRIVATE_EXTERN = NO;
				GCC_WARN_64_TO_32_BIT_CONVERSION = YES;
				GCC_WARN_ABOUT_RETURN_TYPE = YES_ERROR;
				GCC_WARN_UNDECLARED_SELECTOR = YES;
				GCC_WARN_UNINITIALIZED_AUTOS = YES_AGGRESSIVE;
				GCC_WARN_UNUSED_FUNCTION = YES;
				GCC_WARN_UNUSED_VARIABLE = YES;
				IPHONEOS_DEPLOYMENT_TARGET = 8.1;
				MTL_ENABLE_DEBUG_INFO = YES;
				ONLY_ACTIVE_ARCH = YES;
				SDKROOT = iphoneos;
				TARGETED_DEVICE_FAMILY = "1,2";
			};
			name = Debug;
		};
		555AB7921AC459FD005F7A46 /* Release */ = {
			isa = XCBuildConfiguration;
			buildSettings = {
				ALWAYS_SEARCH_USER_PATHS = NO;
				CLANG_CXX_LANGUAGE_STANDARD = "gnu++0x";
				CLANG_CXX_LIBRARY = "libc++";
				CLANG_ENABLE_MODULES = YES;
				CLANG_ENABLE_OBJC_ARC = YES;
				CLANG_WARN_BOOL_CONVERSION = YES;
				CLANG_WARN_CONSTANT_CONVERSION = YES;
				CLANG_WARN_DIRECT_OBJC_ISA_USAGE = YES_ERROR;
				CLANG_WARN_EMPTY_BODY = YES;
				CLANG_WARN_ENUM_CONVERSION = YES;
				CLANG_WARN_INT_CONVERSION = YES;
				CLANG_WARN_OBJC_ROOT_CLASS = YES_ERROR;
				CLANG_WARN_UNREACHABLE_CODE = YES;
				CLANG_WARN__DUPLICATE_METHOD_MATCH = YES;
				"CODE_SIGN_IDENTITY[sdk=iphoneos*]" = "iPhone Developer";
				COPY_PHASE_STRIP = YES;
				ENABLE_NS_ASSERTIONS = NO;
				ENABLE_STRICT_OBJC_MSGSEND = YES;
				GCC_C_LANGUAGE_STANDARD = gnu99;
				GCC_WARN_64_TO_32_BIT_CONVERSION = YES;
				GCC_WARN_ABOUT_RETURN_TYPE = YES_ERROR;
				GCC_WARN_UNDECLARED_SELECTOR = YES;
				GCC_WARN_UNINITIALIZED_AUTOS = YES_AGGRESSIVE;
				GCC_WARN_UNUSED_FUNCTION = YES;
				GCC_WARN_UNUSED_VARIABLE = YES;
				IPHONEOS_DEPLOYMENT_TARGET = 8.1;
				MTL_ENABLE_DEBUG_INFO = NO;
				SDKROOT = iphoneos;
				TARGETED_DEVICE_FAMILY = "1,2";
				VALIDATE_PRODUCT = YES;
			};
			name = Release;
		};
		555AB7941AC459FD005F7A46 /* Debug */ = {
			isa = XCBuildConfiguration;
			baseConfigurationReference = 7E9848AADFAA27CC5F7EC872 /* Pods.debug.xcconfig */;
			buildSettings = {
				ASSETCATALOG_COMPILER_APPICON_NAME = AppIcon;
				INFOPLIST_FILE = CatEyeSportSensorsProxy/Info.plist;
				LD_RUNPATH_SEARCH_PATHS = "$(inherited) @executable_path/Frameworks";
				PRODUCT_NAME = "$(TARGET_NAME)";
			};
			name = Debug;
		};
		555AB7951AC459FD005F7A46 /* Release */ = {
			isa = XCBuildConfiguration;
			baseConfigurationReference = D57F356EC9200D497B64C66A /* Pods.release.xcconfig */;
			buildSettings = {
				ASSETCATALOG_COMPILER_APPICON_NAME = AppIcon;
				INFOPLIST_FILE = CatEyeSportSensorsProxy/Info.plist;
				LD_RUNPATH_SEARCH_PATHS = "$(inherited) @executable_path/Frameworks";
				PRODUCT_NAME = "$(TARGET_NAME)";
			};
			name = Release;
		};
		555AB7971AC459FD005F7A46 /* Debug */ = {
			isa = XCBuildConfiguration;
			buildSettings = {
				BUNDLE_LOADER = "$(TEST_HOST)";
				FRAMEWORK_SEARCH_PATHS = (
					"$(SDKROOT)/Developer/Library/Frameworks",
					"$(inherited)",
				);
				GCC_PREPROCESSOR_DEFINITIONS = (
					"DEBUG=1",
					"$(inherited)",
				);
				INFOPLIST_FILE = CatEyeSportSensorsProxyTests/Info.plist;
				LD_RUNPATH_SEARCH_PATHS = "$(inherited) @executable_path/Frameworks @loader_path/Frameworks";
				PRODUCT_NAME = "$(TARGET_NAME)";
				TEST_HOST = "$(BUILT_PRODUCTS_DIR)/CatEyeSportSensorsProxy.app/CatEyeSportSensorsProxy";
			};
			name = Debug;
		};
		555AB7981AC459FD005F7A46 /* Release */ = {
			isa = XCBuildConfiguration;
			buildSettings = {
				BUNDLE_LOADER = "$(TEST_HOST)";
				FRAMEWORK_SEARCH_PATHS = (
					"$(SDKROOT)/Developer/Library/Frameworks",
					"$(inherited)",
				);
				INFOPLIST_FILE = CatEyeSportSensorsProxyTests/Info.plist;
				LD_RUNPATH_SEARCH_PATHS = "$(inherited) @executable_path/Frameworks @loader_path/Frameworks";
				PRODUCT_NAME = "$(TARGET_NAME)";
				TEST_HOST = "$(BUILT_PRODUCTS_DIR)/CatEyeSportSensorsProxy.app/CatEyeSportSensorsProxy";
			};
			name = Release;
		};
/* End XCBuildConfiguration section */

/* Begin XCConfigurationList section */
		555AB76B1AC459FD005F7A46 /* Build configuration list for PBXProject "CatEyeSportSensorsProxy" */ = {
			isa = XCConfigurationList;
			buildConfigurations = (
				555AB7911AC459FD005F7A46 /* Debug */,
				555AB7921AC459FD005F7A46 /* Release */,
			);
			defaultConfigurationIsVisible = 0;
			defaultConfigurationName = Release;
		};
		555AB7931AC459FD005F7A46 /* Build configuration list for PBXNativeTarget "CatEyeSportSensorsProxy" */ = {
			isa = XCConfigurationList;
			buildConfigurations = (
				555AB7941AC459FD005F7A46 /* Debug */,
				555AB7951AC459FD005F7A46 /* Release */,
			);
			defaultConfigurationIsVisible = 0;
			defaultConfigurationName = Release;
		};
		555AB7961AC459FD005F7A46 /* Build configuration list for PBXNativeTarget "CatEyeSportSensorsProxyTests" */ = {
			isa = XCConfigurationList;
			buildConfigurations = (
				555AB7971AC459FD005F7A46 /* Debug */,
				555AB7981AC459FD005F7A46 /* Release */,
			);
			defaultConfigurationIsVisible = 0;
			defaultConfigurationName = Release;
		};
/* End XCConfigurationList section */
	};
	rootObject = 555AB7681AC459FD005F7A46 /* Project object */;
}
